// !$*UTF8*$!
{
	archiveVersion = 1;
	classes = {
	};
	objectVersion = 56;
	objects = {

/* Begin PBXBuildFile section */
		183B38A02B0B4E0D00D75D7B /* pia12firebaseApp.swift in Sources */ = {isa = PBXBuildFile; fileRef = 183B389F2B0B4E0D00D75D7B /* pia12firebaseApp.swift */; };
		183B38A22B0B4E0D00D75D7B /* ContentView.swift in Sources */ = {isa = PBXBuildFile; fileRef = 183B38A12B0B4E0D00D75D7B /* ContentView.swift */; };
		183B38A42B0B4E0E00D75D7B /* Assets.xcassets in Resources */ = {isa = PBXBuildFile; fileRef = 183B38A32B0B4E0E00D75D7B /* Assets.xcassets */; };
		183B38A72B0B4E0E00D75D7B /* Preview Assets.xcassets in Resources */ = {isa = PBXBuildFile; fileRef = 183B38A62B0B4E0E00D75D7B /* Preview Assets.xcassets */; };
		183B38AE2B0B50D300D75D7B /* GoogleService-Info.plist in Resources */ = {isa = PBXBuildFile; fileRef = 183B38AD2B0B50D200D75D7B /* GoogleService-Info.plist */; };
		183B38B12B0B530F00D75D7B /* FirebaseAnalytics in Frameworks */ = {isa = PBXBuildFile; productRef = 183B38B02B0B530F00D75D7B /* FirebaseAnalytics */; };
		183B38B32B0B530F00D75D7B /* FirebaseAnalyticsOnDeviceConversion in Frameworks */ = {isa = PBXBuildFile; productRef = 183B38B22B0B530F00D75D7B /* FirebaseAnalyticsOnDeviceConversion */; };
		183B38B52B0B530F00D75D7B /* FirebaseAnalyticsSwift in Frameworks */ = {isa = PBXBuildFile; productRef = 183B38B42B0B530F00D75D7B /* FirebaseAnalyticsSwift */; };
		183B38B72B0B530F00D75D7B /* FirebaseAnalyticsWithoutAdIdSupport in Frameworks */ = {isa = PBXBuildFile; productRef = 183B38B62B0B530F00D75D7B /* FirebaseAnalyticsWithoutAdIdSupport */; };
		183B38B92B0B530F00D75D7B /* FirebaseAppCheck in Frameworks */ = {isa = PBXBuildFile; productRef = 183B38B82B0B530F00D75D7B /* FirebaseAppCheck */; };
		183B38BB2B0B530F00D75D7B /* FirebaseAppDistribution-Beta in Frameworks */ = {isa = PBXBuildFile; productRef = 183B38BA2B0B530F00D75D7B /* FirebaseAppDistribution-Beta */; };
		183B38BD2B0B530F00D75D7B /* FirebaseAuth in Frameworks */ = {isa = PBXBuildFile; productRef = 183B38BC2B0B530F00D75D7B /* FirebaseAuth */; };
		183B38BF2B0B530F00D75D7B /* FirebaseAuthCombine-Community in Frameworks */ = {isa = PBXBuildFile; productRef = 183B38BE2B0B530F00D75D7B /* FirebaseAuthCombine-Community */; };
		183B38C12B0B530F00D75D7B /* FirebaseCrashlytics in Frameworks */ = {isa = PBXBuildFile; productRef = 183B38C02B0B530F00D75D7B /* FirebaseCrashlytics */; };
		183B38C32B0B530F00D75D7B /* FirebaseDatabase in Frameworks */ = {isa = PBXBuildFile; productRef = 183B38C22B0B530F00D75D7B /* FirebaseDatabase */; };
		183B38C52B0B530F00D75D7B /* FirebaseDatabaseSwift in Frameworks */ = {isa = PBXBuildFile; productRef = 183B38C42B0B530F00D75D7B /* FirebaseDatabaseSwift */; };
		183B38C72B0B530F00D75D7B /* FirebaseDynamicLinks in Frameworks */ = {isa = PBXBuildFile; productRef = 183B38C62B0B530F00D75D7B /* FirebaseDynamicLinks */; };
		183B38C92B0B530F00D75D7B /* FirebaseFirestore in Frameworks */ = {isa = PBXBuildFile; productRef = 183B38C82B0B530F00D75D7B /* FirebaseFirestore */; };
		183B38CB2B0B530F00D75D7B /* FirebaseFirestoreCombine-Community in Frameworks */ = {isa = PBXBuildFile; productRef = 183B38CA2B0B530F00D75D7B /* FirebaseFirestoreCombine-Community */; };
		183B38CD2B0B530F00D75D7B /* FirebaseFirestoreSwift in Frameworks */ = {isa = PBXBuildFile; productRef = 183B38CC2B0B530F00D75D7B /* FirebaseFirestoreSwift */; };
		183B38CF2B0B530F00D75D7B /* FirebaseFunctions in Frameworks */ = {isa = PBXBuildFile; productRef = 183B38CE2B0B530F00D75D7B /* FirebaseFunctions */; };
		183B38D12B0B530F00D75D7B /* FirebaseFunctionsCombine-Community in Frameworks */ = {isa = PBXBuildFile; productRef = 183B38D02B0B530F00D75D7B /* FirebaseFunctionsCombine-Community */; };
		183B38D32B0B530F00D75D7B /* FirebaseInAppMessaging-Beta in Frameworks */ = {isa = PBXBuildFile; productRef = 183B38D22B0B530F00D75D7B /* FirebaseInAppMessaging-Beta */; };
		183B38D52B0B530F00D75D7B /* FirebaseInAppMessagingSwift-Beta in Frameworks */ = {isa = PBXBuildFile; productRef = 183B38D42B0B530F00D75D7B /* FirebaseInAppMessagingSwift-Beta */; };
		183B38D72B0B530F00D75D7B /* FirebaseInstallations in Frameworks */ = {isa = PBXBuildFile; productRef = 183B38D62B0B530F00D75D7B /* FirebaseInstallations */; };
		183B38D92B0B530F00D75D7B /* FirebaseMLModelDownloader in Frameworks */ = {isa = PBXBuildFile; productRef = 183B38D82B0B530F00D75D7B /* FirebaseMLModelDownloader */; };
		183B38DB2B0B530F00D75D7B /* FirebaseMessaging in Frameworks */ = {isa = PBXBuildFile; productRef = 183B38DA2B0B530F00D75D7B /* FirebaseMessaging */; };
		183B38DD2B0B530F00D75D7B /* FirebasePerformance in Frameworks */ = {isa = PBXBuildFile; productRef = 183B38DC2B0B530F00D75D7B /* FirebasePerformance */; };
		183B38DF2B0B530F00D75D7B /* FirebaseRemoteConfig in Frameworks */ = {isa = PBXBuildFile; productRef = 183B38DE2B0B530F00D75D7B /* FirebaseRemoteConfig */; };
		183B38E12B0B530F00D75D7B /* FirebaseRemoteConfigSwift in Frameworks */ = {isa = PBXBuildFile; productRef = 183B38E02B0B530F00D75D7B /* FirebaseRemoteConfigSwift */; };
		183B38E32B0B530F00D75D7B /* FirebaseStorage in Frameworks */ = {isa = PBXBuildFile; productRef = 183B38E22B0B530F00D75D7B /* FirebaseStorage */; };
		183B38E52B0B530F00D75D7B /* FirebaseStorageCombine-Community in Frameworks */ = {isa = PBXBuildFile; productRef = 183B38E42B0B530F00D75D7B /* FirebaseStorageCombine-Community */; };
		18E8BB6B2B0F40CE00FC9987 /* LoginView.swift in Sources */ = {isa = PBXBuildFile; fileRef = 18E8BB6A2B0F40CE00FC9987 /* LoginView.swift */; };
		18E8BB6D2B0F420000FC9987 /* StartView.swift in Sources */ = {isa = PBXBuildFile; fileRef = 18E8BB6C2B0F420000FC9987 /* StartView.swift */; };
		18E8BB6F2B0F583E00FC9987 /* TodoAPI.swift in Sources */ = {isa = PBXBuildFile; fileRef = 18E8BB6E2B0F583E00FC9987 /* TodoAPI.swift */; };
		18E8BB712B0F5A0300FC9987 /* Todoitem.swift in Sources */ = {isa = PBXBuildFile; fileRef = 18E8BB702B0F5A0300FC9987 /* Todoitem.swift */; };
/* End PBXBuildFile section */

/* Begin PBXFileReference section */
		183B389C2B0B4E0D00D75D7B /* pia12firebase.app */ = {isa = PBXFileReference; explicitFileType = wrapper.application; includeInIndex = 0; path = pia12firebase.app; sourceTree = BUILT_PRODUCTS_DIR; };
		183B389F2B0B4E0D00D75D7B /* pia12firebaseApp.swift */ = {isa = PBXFileReference; lastKnownFileType = sourcecode.swift; path = pia12firebaseApp.swift; sourceTree = "<group>"; };
		183B38A12B0B4E0D00D75D7B /* ContentView.swift */ = {isa = PBXFileReference; lastKnownFileType = sourcecode.swift; path = ContentView.swift; sourceTree = "<group>"; };
		183B38A32B0B4E0E00D75D7B /* Assets.xcassets */ = {isa = PBXFileReference; lastKnownFileType = folder.assetcatalog; path = Assets.xcassets; sourceTree = "<group>"; };
		183B38A62B0B4E0E00D75D7B /* Preview Assets.xcassets */ = {isa = PBXFileReference; lastKnownFileType = folder.assetcatalog; path = "Preview Assets.xcassets"; sourceTree = "<group>"; };
		183B38AD2B0B50D200D75D7B /* GoogleService-Info.plist */ = {isa = PBXFileReference; fileEncoding = 4; lastKnownFileType = text.plist.xml; path = "GoogleService-Info.plist"; sourceTree = "<group>"; };
		18E8BB6A2B0F40CE00FC9987 /* LoginView.swift */ = {isa = PBXFileReference; lastKnownFileType = sourcecode.swift; path = LoginView.swift; sourceTree = "<group>"; };
		18E8BB6C2B0F420000FC9987 /* StartView.swift */ = {isa = PBXFileReference; lastKnownFileType = sourcecode.swift; path = StartView.swift; sourceTree = "<group>"; };
		18E8BB6E2B0F583E00FC9987 /* TodoAPI.swift */ = {isa = PBXFileReference; lastKnownFileType = sourcecode.swift; path = TodoAPI.swift; sourceTree = "<group>"; };
		18E8BB702B0F5A0300FC9987 /* Todoitem.swift */ = {isa = PBXFileReference; lastKnownFileType = sourcecode.swift; path = Todoitem.swift; sourceTree = "<group>"; };
/* End PBXFileReference section */

/* Begin PBXFrameworksBuildPhase section */
		183B38992B0B4E0D00D75D7B /* Frameworks */ = {
			isa = PBXFrameworksBuildPhase;
			buildActionMask = 2147483647;
			files = (
				183B38C32B0B530F00D75D7B /* FirebaseDatabase in Frameworks */,
				183B38D12B0B530F00D75D7B /* FirebaseFunctionsCombine-Community in Frameworks */,
				183B38C92B0B530F00D75D7B /* FirebaseFirestore in Frameworks */,
				183B38B52B0B530F00D75D7B /* FirebaseAnalyticsSwift in Frameworks */,
				183B38B12B0B530F00D75D7B /* FirebaseAnalytics in Frameworks */,
				183B38B32B0B530F00D75D7B /* FirebaseAnalyticsOnDeviceConversion in Frameworks */,
				183B38D92B0B530F00D75D7B /* FirebaseMLModelDownloader in Frameworks */,
				183B38CD2B0B530F00D75D7B /* FirebaseFirestoreSwift in Frameworks */,
				183B38B92B0B530F00D75D7B /* FirebaseAppCheck in Frameworks */,
				183B38B72B0B530F00D75D7B /* FirebaseAnalyticsWithoutAdIdSupport in Frameworks */,
				183B38BD2B0B530F00D75D7B /* FirebaseAuth in Frameworks */,
				183B38C12B0B530F00D75D7B /* FirebaseCrashlytics in Frameworks */,
				183B38E12B0B530F00D75D7B /* FirebaseRemoteConfigSwift in Frameworks */,
				183B38D32B0B530F00D75D7B /* FirebaseInAppMessaging-Beta in Frameworks */,
				183B38C52B0B530F00D75D7B /* FirebaseDatabaseSwift in Frameworks */,
				183B38CF2B0B530F00D75D7B /* FirebaseFunctions in Frameworks */,
				183B38E52B0B530F00D75D7B /* FirebaseStorageCombine-Community in Frameworks */,
				183B38DF2B0B530F00D75D7B /* FirebaseRemoteConfig in Frameworks */,
				183B38BB2B0B530F00D75D7B /* FirebaseAppDistribution-Beta in Frameworks */,
				183B38BF2B0B530F00D75D7B /* FirebaseAuthCombine-Community in Frameworks */,
				183B38DD2B0B530F00D75D7B /* FirebasePerformance in Frameworks */,
				183B38D52B0B530F00D75D7B /* FirebaseInAppMessagingSwift-Beta in Frameworks */,
				183B38E32B0B530F00D75D7B /* FirebaseStorage in Frameworks */,
				183B38C72B0B530F00D75D7B /* FirebaseDynamicLinks in Frameworks */,
				183B38CB2B0B530F00D75D7B /* FirebaseFirestoreCombine-Community in Frameworks */,
				183B38DB2B0B530F00D75D7B /* FirebaseMessaging in Frameworks */,
				183B38D72B0B530F00D75D7B /* FirebaseInstallations in Frameworks */,
			);
			runOnlyForDeploymentPostprocessing = 0;
		};
/* End PBXFrameworksBuildPhase section */

/* Begin PBXGroup section */
		183B38932B0B4E0D00D75D7B = {
			isa = PBXGroup;
			children = (
				183B389E2B0B4E0D00D75D7B /* pia12firebase */,
				183B389D2B0B4E0D00D75D7B /* Products */,
			);
			sourceTree = "<group>";
		};
		183B389D2B0B4E0D00D75D7B /* Products */ = {
			isa = PBXGroup;
			children = (
				183B389C2B0B4E0D00D75D7B /* pia12firebase.app */,
			);
			name = Products;
			sourceTree = "<group>";
		};
		183B389E2B0B4E0D00D75D7B /* pia12firebase */ = {
			isa = PBXGroup;
			children = (
				183B38AD2B0B50D200D75D7B /* GoogleService-Info.plist */,
				183B389F2B0B4E0D00D75D7B /* pia12firebaseApp.swift */,
				183B38A12B0B4E0D00D75D7B /* ContentView.swift */,
				18E8BB702B0F5A0300FC9987 /* Todoitem.swift */,
				18E8BB6A2B0F40CE00FC9987 /* LoginView.swift */,
				18E8BB6C2B0F420000FC9987 /* StartView.swift */,
				18E8BB6E2B0F583E00FC9987 /* TodoAPI.swift */,
				183B38A32B0B4E0E00D75D7B /* Assets.xcassets */,
				183B38A52B0B4E0E00D75D7B /* Preview Content */,
			);
			path = pia12firebase;
			sourceTree = "<group>";
		};
		183B38A52B0B4E0E00D75D7B /* Preview Content */ = {
			isa = PBXGroup;
			children = (
				183B38A62B0B4E0E00D75D7B /* Preview Assets.xcassets */,
			);
			path = "Preview Content";
			sourceTree = "<group>";
		};
/* End PBXGroup section */

/* Begin PBXNativeTarget section */
		183B389B2B0B4E0D00D75D7B /* pia12firebase */ = {
			isa = PBXNativeTarget;
			buildConfigurationList = 183B38AA2B0B4E0E00D75D7B /* Build configuration list for PBXNativeTarget "pia12firebase" */;
			buildPhases = (
				183B38982B0B4E0D00D75D7B /* Sources */,
				183B38992B0B4E0D00D75D7B /* Frameworks */,
				183B389A2B0B4E0D00D75D7B /* Resources */,
			);
			buildRules = (
			);
			dependencies = (
			);
			name = pia12firebase;
			packageProductDependencies = (
				183B38B02B0B530F00D75D7B /* FirebaseAnalytics */,
				183B38B22B0B530F00D75D7B /* FirebaseAnalyticsOnDeviceConversion */,
				183B38B42B0B530F00D75D7B /* FirebaseAnalyticsSwift */,
				183B38B62B0B530F00D75D7B /* FirebaseAnalyticsWithoutAdIdSupport */,
				183B38B82B0B530F00D75D7B /* FirebaseAppCheck */,
				183B38BA2B0B530F00D75D7B /* FirebaseAppDistribution-Beta */,
				183B38BC2B0B530F00D75D7B /* FirebaseAuth */,
				183B38BE2B0B530F00D75D7B /* FirebaseAuthCombine-Community */,
				183B38C02B0B530F00D75D7B /* FirebaseCrashlytics */,
				183B38C22B0B530F00D75D7B /* FirebaseDatabase */,
				183B38C42B0B530F00D75D7B /* FirebaseDatabaseSwift */,
				183B38C62B0B530F00D75D7B /* FirebaseDynamicLinks */,
				183B38C82B0B530F00D75D7B /* FirebaseFirestore */,
				183B38CA2B0B530F00D75D7B /* FirebaseFirestoreCombine-Community */,
				183B38CC2B0B530F00D75D7B /* FirebaseFirestoreSwift */,
				183B38CE2B0B530F00D75D7B /* FirebaseFunctions */,
				183B38D02B0B530F00D75D7B /* FirebaseFunctionsCombine-Community */,
				183B38D22B0B530F00D75D7B /* FirebaseInAppMessaging-Beta */,
				183B38D42B0B530F00D75D7B /* FirebaseInAppMessagingSwift-Beta */,
				183B38D62B0B530F00D75D7B /* FirebaseInstallations */,
				183B38D82B0B530F00D75D7B /* FirebaseMLModelDownloader */,
				183B38DA2B0B530F00D75D7B /* FirebaseMessaging */,
				183B38DC2B0B530F00D75D7B /* FirebasePerformance */,
				183B38DE2B0B530F00D75D7B /* FirebaseRemoteConfig */,
				183B38E02B0B530F00D75D7B /* FirebaseRemoteConfigSwift */,
				183B38E22B0B530F00D75D7B /* FirebaseStorage */,
				183B38E42B0B530F00D75D7B /* FirebaseStorageCombine-Community */,
			);
			productName = pia12firebase;
			productReference = 183B389C2B0B4E0D00D75D7B /* pia12firebase.app */;
			productType = "com.apple.product-type.application";
		};
/* End PBXNativeTarget section */

/* Begin PBXProject section */
		183B38942B0B4E0D00D75D7B /* Project object */ = {
			isa = PBXProject;
			attributes = {
				BuildIndependentTargetsInParallel = 1;
				LastSwiftUpdateCheck = 1500;
				LastUpgradeCheck = 1500;
				TargetAttributes = {
					183B389B2B0B4E0D00D75D7B = {
						CreatedOnToolsVersion = 15.0.1;
					};
				};
			};
			buildConfigurationList = 183B38972B0B4E0D00D75D7B /* Build configuration list for PBXProject "pia12firebase" */;
			compatibilityVersion = "Xcode 14.0";
			developmentRegion = en;
			hasScannedForEncodings = 0;
			knownRegions = (
				en,
				Base,
			);
			mainGroup = 183B38932B0B4E0D00D75D7B;
			packageReferences = (
				183B38AF2B0B530F00D75D7B /* XCRemoteSwiftPackageReference "firebase-ios-sdk" */,
			);
			productRefGroup = 183B389D2B0B4E0D00D75D7B /* Products */;
			projectDirPath = "";
			projectRoot = "";
			targets = (
				183B389B2B0B4E0D00D75D7B /* pia12firebase */,
			);
		};
/* End PBXProject section */

/* Begin PBXResourcesBuildPhase section */
		183B389A2B0B4E0D00D75D7B /* Resources */ = {
			isa = PBXResourcesBuildPhase;
			buildActionMask = 2147483647;
			files = (
				183B38A72B0B4E0E00D75D7B /* Preview Assets.xcassets in Resources */,
				183B38A42B0B4E0E00D75D7B /* Assets.xcassets in Resources */,
				183B38AE2B0B50D300D75D7B /* GoogleService-Info.plist in Resources */,
			);
			runOnlyForDeploymentPostprocessing = 0;
		};
/* End PBXResourcesBuildPhase section */

/* Begin PBXSourcesBuildPhase section */
		183B38982B0B4E0D00D75D7B /* Sources */ = {
			isa = PBXSourcesBuildPhase;
			buildActionMask = 2147483647;
			files = (
				18E8BB6B2B0F40CE00FC9987 /* LoginView.swift in Sources */,
				18E8BB6F2B0F583E00FC9987 /* TodoAPI.swift in Sources */,
				183B38A22B0B4E0D00D75D7B /* ContentView.swift in Sources */,
				183B38A02B0B4E0D00D75D7B /* pia12firebaseApp.swift in Sources */,
				18E8BB712B0F5A0300FC9987 /* Todoitem.swift in Sources */,
				18E8BB6D2B0F420000FC9987 /* StartView.swift in Sources */,
			);
			runOnlyForDeploymentPostprocessing = 0;
		};
/* End PBXSourcesBuildPhase section */

/* Begin XCBuildConfiguration section */
		183B38A82B0B4E0E00D75D7B /* Debug */ = {
			isa = XCBuildConfiguration;
			buildSettings = {
				ALWAYS_SEARCH_USER_PATHS = NO;
				ASSETCATALOG_COMPILER_GENERATE_SWIFT_ASSET_SYMBOL_EXTENSIONS = YES;
				CLANG_ANALYZER_NONNULL = YES;
				CLANG_ANALYZER_NUMBER_OBJECT_CONVERSION = YES_AGGRESSIVE;
				CLANG_CXX_LANGUAGE_STANDARD = "gnu++20";
				CLANG_ENABLE_MODULES = YES;
				CLANG_ENABLE_OBJC_ARC = YES;
				CLANG_ENABLE_OBJC_WEAK = YES;
				CLANG_WARN_BLOCK_CAPTURE_AUTORELEASING = YES;
				CLANG_WARN_BOOL_CONVERSION = YES;
				CLANG_WARN_COMMA = YES;
				CLANG_WARN_CONSTANT_CONVERSION = YES;
				CLANG_WARN_DEPRECATED_OBJC_IMPLEMENTATIONS = YES;
				CLANG_WARN_DIRECT_OBJC_ISA_USAGE = YES_ERROR;
				CLANG_WARN_DOCUMENTATION_COMMENTS = YES;
				CLANG_WARN_EMPTY_BODY = YES;
				CLANG_WARN_ENUM_CONVERSION = YES;
				CLANG_WARN_INFINITE_RECURSION = YES;
				CLANG_WARN_INT_CONVERSION = YES;
				CLANG_WARN_NON_LITERAL_NULL_CONVERSION = YES;
				CLANG_WARN_OBJC_IMPLICIT_RETAIN_SELF = YES;
				CLANG_WARN_OBJC_LITERAL_CONVERSION = YES;
				CLANG_WARN_OBJC_ROOT_CLASS = YES_ERROR;
				CLANG_WARN_QUOTED_INCLUDE_IN_FRAMEWORK_HEADER = YES;
				CLANG_WARN_RANGE_LOOP_ANALYSIS = YES;
				CLANG_WARN_STRICT_PROTOTYPES = YES;
				CLANG_WARN_SUSPICIOUS_MOVE = YES;
				CLANG_WARN_UNGUARDED_AVAILABILITY = YES_AGGRESSIVE;
				CLANG_WARN_UNREACHABLE_CODE = YES;
				CLANG_WARN__DUPLICATE_METHOD_MATCH = YES;
				COPY_PHASE_STRIP = NO;
				DEBUG_INFORMATION_FORMAT = dwarf;
				ENABLE_STRICT_OBJC_MSGSEND = YES;
				ENABLE_TESTABILITY = YES;
				ENABLE_USER_SCRIPT_SANDBOXING = YES;
				GCC_C_LANGUAGE_STANDARD = gnu17;
				GCC_DYNAMIC_NO_PIC = NO;
				GCC_NO_COMMON_BLOCKS = YES;
				GCC_OPTIMIZATION_LEVEL = 0;
				GCC_PREPROCESSOR_DEFINITIONS = (
					"DEBUG=1",
					"$(inherited)",
				);
				GCC_WARN_64_TO_32_BIT_CONVERSION = YES;
				GCC_WARN_ABOUT_RETURN_TYPE = YES_ERROR;
				GCC_WARN_UNDECLARED_SELECTOR = YES;
				GCC_WARN_UNINITIALIZED_AUTOS = YES_AGGRESSIVE;
				GCC_WARN_UNUSED_FUNCTION = YES;
				GCC_WARN_UNUSED_VARIABLE = YES;
				IPHONEOS_DEPLOYMENT_TARGET = 17.0;
				LOCALIZATION_PREFERS_STRING_CATALOGS = YES;
				MTL_ENABLE_DEBUG_INFO = INCLUDE_SOURCE;
				MTL_FAST_MATH = YES;
				ONLY_ACTIVE_ARCH = YES;
				SDKROOT = iphoneos;
				SWIFT_ACTIVE_COMPILATION_CONDITIONS = "DEBUG $(inherited)";
				SWIFT_OPTIMIZATION_LEVEL = "-Onone";
			};
			name = Debug;
		};
		183B38A92B0B4E0E00D75D7B /* Release */ = {
			isa = XCBuildConfiguration;
			buildSettings = {
				ALWAYS_SEARCH_USER_PATHS = NO;
				ASSETCATALOG_COMPILER_GENERATE_SWIFT_ASSET_SYMBOL_EXTENSIONS = YES;
				CLANG_ANALYZER_NONNULL = YES;
				CLANG_ANALYZER_NUMBER_OBJECT_CONVERSION = YES_AGGRESSIVE;
				CLANG_CXX_LANGUAGE_STANDARD = "gnu++20";
				CLANG_ENABLE_MODULES = YES;
				CLANG_ENABLE_OBJC_ARC = YES;
				CLANG_ENABLE_OBJC_WEAK = YES;
				CLANG_WARN_BLOCK_CAPTURE_AUTORELEASING = YES;
				CLANG_WARN_BOOL_CONVERSION = YES;
				CLANG_WARN_COMMA = YES;
				CLANG_WARN_CONSTANT_CONVERSION = YES;
				CLANG_WARN_DEPRECATED_OBJC_IMPLEMENTATIONS = YES;
				CLANG_WARN_DIRECT_OBJC_ISA_USAGE = YES_ERROR;
				CLANG_WARN_DOCUMENTATION_COMMENTS = YES;
				CLANG_WARN_EMPTY_BODY = YES;
				CLANG_WARN_ENUM_CONVERSION = YES;
				CLANG_WARN_INFINITE_RECURSION = YES;
				CLANG_WARN_INT_CONVERSION = YES;
				CLANG_WARN_NON_LITERAL_NULL_CONVERSION = YES;
				CLANG_WARN_OBJC_IMPLICIT_RETAIN_SELF = YES;
				CLANG_WARN_OBJC_LITERAL_CONVERSION = YES;
				CLANG_WARN_OBJC_ROOT_CLASS = YES_ERROR;
				CLANG_WARN_QUOTED_INCLUDE_IN_FRAMEWORK_HEADER = YES;
				CLANG_WARN_RANGE_LOOP_ANALYSIS = YES;
				CLANG_WARN_STRICT_PROTOTYPES = YES;
				CLANG_WARN_SUSPICIOUS_MOVE = YES;
				CLANG_WARN_UNGUARDED_AVAILABILITY = YES_AGGRESSIVE;
				CLANG_WARN_UNREACHABLE_CODE = YES;
				CLANG_WARN__DUPLICATE_METHOD_MATCH = YES;
				COPY_PHASE_STRIP = NO;
				DEBUG_INFORMATION_FORMAT = "dwarf-with-dsym";
				ENABLE_NS_ASSERTIONS = NO;
				ENABLE_STRICT_OBJC_MSGSEND = YES;
				ENABLE_USER_SCRIPT_SANDBOXING = YES;
				GCC_C_LANGUAGE_STANDARD = gnu17;
				GCC_NO_COMMON_BLOCKS = YES;
				GCC_WARN_64_TO_32_BIT_CONVERSION = YES;
				GCC_WARN_ABOUT_RETURN_TYPE = YES_ERROR;
				GCC_WARN_UNDECLARED_SELECTOR = YES;
				GCC_WARN_UNINITIALIZED_AUTOS = YES_AGGRESSIVE;
				GCC_WARN_UNUSED_FUNCTION = YES;
				GCC_WARN_UNUSED_VARIABLE = YES;
				IPHONEOS_DEPLOYMENT_TARGET = 17.0;
				LOCALIZATION_PREFERS_STRING_CATALOGS = YES;
				MTL_ENABLE_DEBUG_INFO = NO;
				MTL_FAST_MATH = YES;
				SDKROOT = iphoneos;
				SWIFT_COMPILATION_MODE = wholemodule;
				VALIDATE_PRODUCT = YES;
			};
			name = Release;
		};
		183B38AB2B0B4E0E00D75D7B /* Debug */ = {
			isa = XCBuildConfiguration;
			buildSettings = {
				ASSETCATALOG_COMPILER_APPICON_NAME = AppIcon;
				ASSETCATALOG_COMPILER_GLOBAL_ACCENT_COLOR_NAME = AccentColor;
				CODE_SIGN_STYLE = Automatic;
				CURRENT_PROJECT_VERSION = 1;
				DEVELOPMENT_ASSET_PATHS = "\"pia12firebase/Preview Content\"";
				DEVELOPMENT_TEAM = 33CVV49RXT;
				ENABLE_PREVIEWS = YES;
				GENERATE_INFOPLIST_FILE = YES;
				INFOPLIST_KEY_UIApplicationSceneManifest_Generation = YES;
				INFOPLIST_KEY_UIApplicationSupportsIndirectInputEvents = YES;
				INFOPLIST_KEY_UILaunchScreen_Generation = YES;
				INFOPLIST_KEY_UISupportedInterfaceOrientations_iPad = "UIInterfaceOrientationPortrait UIInterfaceOrientationPortraitUpsideDown UIInterfaceOrientationLandscapeLeft UIInterfaceOrientationLandscapeRight";
				INFOPLIST_KEY_UISupportedInterfaceOrientations_iPhone = "UIInterfaceOrientationPortrait UIInterfaceOrientationLandscapeLeft UIInterfaceOrientationLandscapeRight";
				LD_RUNPATH_SEARCH_PATHS = (
					"$(inherited)",
					"@executable_path/Frameworks",
				);
				MARKETING_VERSION = 1.0;
				PRODUCT_BUNDLE_IDENTIFIER = se.Ralwert.pia12firebase;
				PRODUCT_NAME = "$(TARGET_NAME)";
				SWIFT_EMIT_LOC_STRINGS = YES;
				SWIFT_VERSION = 5.0;
				TARGETED_DEVICE_FAMILY = "1,2";
			};
			name = Debug;
		};
		183B38AC2B0B4E0E00D75D7B /* Release */ = {
			isa = XCBuildConfiguration;
			buildSettings = {
				ASSETCATALOG_COMPILER_APPICON_NAME = AppIcon;
				ASSETCATALOG_COMPILER_GLOBAL_ACCENT_COLOR_NAME = AccentColor;
				CODE_SIGN_STYLE = Automatic;
				CURRENT_PROJECT_VERSION = 1;
				DEVELOPMENT_ASSET_PATHS = "\"pia12firebase/Preview Content\"";
				DEVELOPMENT_TEAM = 33CVV49RXT;
				ENABLE_PREVIEWS = YES;
				GENERATE_INFOPLIST_FILE = YES;
				INFOPLIST_KEY_UIApplicationSceneManifest_Generation = YES;
				INFOPLIST_KEY_UIApplicationSupportsIndirectInputEvents = YES;
				INFOPLIST_KEY_UILaunchScreen_Generation = YES;
				INFOPLIST_KEY_UISupportedInterfaceOrientations_iPad = "UIInterfaceOrientationPortrait UIInterfaceOrientationPortraitUpsideDown UIInterfaceOrientationLandscapeLeft UIInterfaceOrientationLandscapeRight";
				INFOPLIST_KEY_UISupportedInterfaceOrientations_iPhone = "UIInterfaceOrientationPortrait UIInterfaceOrientationLandscapeLeft UIInterfaceOrientationLandscapeRight";
				LD_RUNPATH_SEARCH_PATHS = (
					"$(inherited)",
					"@executable_path/Frameworks",
				);
				MARKETING_VERSION = 1.0;
				PRODUCT_BUNDLE_IDENTIFIER = se.Ralwert.pia12firebase;
				PRODUCT_NAME = "$(TARGET_NAME)";
				SWIFT_EMIT_LOC_STRINGS = YES;
				SWIFT_VERSION = 5.0;
				TARGETED_DEVICE_FAMILY = "1,2";
			};
			name = Release;
		};
/* End XCBuildConfiguration section */

/* Begin XCConfigurationList section */
		183B38972B0B4E0D00D75D7B /* Build configuration list for PBXProject "pia12firebase" */ = {
			isa = XCConfigurationList;
			buildConfigurations = (
				183B38A82B0B4E0E00D75D7B /* Debug */,
				183B38A92B0B4E0E00D75D7B /* Release */,
			);
			defaultConfigurationIsVisible = 0;
			defaultConfigurationName = Release;
		};
		183B38AA2B0B4E0E00D75D7B /* Build configuration list for PBXNativeTarget "pia12firebase" */ = {
			isa = XCConfigurationList;
			buildConfigurations = (
				183B38AB2B0B4E0E00D75D7B /* Debug */,
				183B38AC2B0B4E0E00D75D7B /* Release */,
			);
			defaultConfigurationIsVisible = 0;
			defaultConfigurationName = Release;
		};
/* End XCConfigurationList section */

/* Begin XCRemoteSwiftPackageReference section */
		183B38AF2B0B530F00D75D7B /* XCRemoteSwiftPackageReference "firebase-ios-sdk" */ = {
			isa = XCRemoteSwiftPackageReference;
			repositoryURL = "https://github.com/firebase/firebase-ios-sdk";
			requirement = {
				kind = upToNextMajorVersion;
				minimumVersion = 10.18.0;
			};
		};
/* End XCRemoteSwiftPackageReference section */

/* Begin XCSwiftPackageProductDependency section */
		183B38B02B0B530F00D75D7B /* FirebaseAnalytics */ = {
			isa = XCSwiftPackageProductDependency;
			package = 183B38AF2B0B530F00D75D7B /* XCRemoteSwiftPackageReference "firebase-ios-sdk" */;
			productName = FirebaseAnalytics;
		};
		183B38B22B0B530F00D75D7B /* FirebaseAnalyticsOnDeviceConversion */ = {
			isa = XCSwiftPackageProductDependency;
			package = 183B38AF2B0B530F00D75D7B /* XCRemoteSwiftPackageReference "firebase-ios-sdk" */;
			productName = FirebaseAnalyticsOnDeviceConversion;
		};
		183B38B42B0B530F00D75D7B /* FirebaseAnalyticsSwift */ = {
			isa = XCSwiftPackageProductDependency;
			package = 183B38AF2B0B530F00D75D7B /* XCRemoteSwiftPackageReference "firebase-ios-sdk" */;
			productName = FirebaseAnalyticsSwift;
		};
		183B38B62B0B530F00D75D7B /* FirebaseAnalyticsWithoutAdIdSupport */ = {
			isa = XCSwiftPackageProductDependency;
			package = 183B38AF2B0B530F00D75D7B /* XCRemoteSwiftPackageReference "firebase-ios-sdk" */;
			productName = FirebaseAnalyticsWithoutAdIdSupport;
		};
		183B38B82B0B530F00D75D7B /* FirebaseAppCheck */ = {
			isa = XCSwiftPackageProductDependency;
			package = 183B38AF2B0B530F00D75D7B /* XCRemoteSwiftPackageReference "firebase-ios-sdk" */;
			productName = FirebaseAppCheck;
		};
		183B38BA2B0B530F00D75D7B /* FirebaseAppDistribution-Beta */ = {
			isa = XCSwiftPackageProductDependency;
			package = 183B38AF2B0B530F00D75D7B /* XCRemoteSwiftPackageReference "firebase-ios-sdk" */;
			productName = "FirebaseAppDistribution-Beta";
		};
		183B38BC2B0B530F00D75D7B /* FirebaseAuth */ = {
			isa = XCSwiftPackageProductDependency;
			package = 183B38AF2B0B530F00D75D7B /* XCRemoteSwiftPackageReference "firebase-ios-sdk" */;
			productName = FirebaseAuth;
		};
		183B38BE2B0B530F00D75D7B /* FirebaseAuthCombine-Community */ = {
			isa = XCSwiftPackageProductDependency;
			package = 183B38AF2B0B530F00D75D7B /* XCRemoteSwiftPackageReference "firebase-ios-sdk" */;
			productName = "FirebaseAuthCombine-Community";
		};
		183B38C02B0B530F00D75D7B /* FirebaseCrashlytics */ = {
			isa = XCSwiftPackageProductDependency;
			package = 183B38AF2B0B530F00D75D7B /* XCRemoteSwiftPackageReference "firebase-ios-sdk" */;
			productName = FirebaseCrashlytics;
		};
		183B38C22B0B530F00D75D7B /* FirebaseDatabase */ = {
			isa = XCSwiftPackageProductDependency;
			package = 183B38AF2B0B530F00D75D7B /* XCRemoteSwiftPackageReference "firebase-ios-sdk" */;
			productName = FirebaseDatabase;
		};
		183B38C42B0B530F00D75D7B /* FirebaseDatabaseSwift */ = {
			isa = XCSwiftPackageProductDependency;
			package = 183B38AF2B0B530F00D75D7B /* XCRemoteSwiftPackageReference "firebase-ios-sdk" */;
			productName = FirebaseDatabaseSwift;
		};
		183B38C62B0B530F00D75D7B /* FirebaseDynamicLinks */ = {
			isa = XCSwiftPackageProductDependency;
			package = 183B38AF2B0B530F00D75D7B /* XCRemoteSwiftPackageReference "firebase-ios-sdk" */;
			productName = FirebaseDynamicLinks;
		};
		183B38C82B0B530F00D75D7B /* FirebaseFirestore */ = {
			isa = XCSwiftPackageProductDependency;
			package = 183B38AF2B0B530F00D75D7B /* XCRemoteSwiftPackageReference "firebase-ios-sdk" */;
			productName = FirebaseFirestore;
		};
		183B38CA2B0B530F00D75D7B /* FirebaseFirestoreCombine-Community */ = {
			isa = XCSwiftPackageProductDependency;
			package = 183B38AF2B0B530F00D75D7B /* XCRemoteSwiftPackageReference "firebase-ios-sdk" */;
			productName = "FirebaseFirestoreCombine-Community";
		};
		183B38CC2B0B530F00D75D7B /* FirebaseFirestoreSwift */ = {
			isa = XCSwiftPackageProductDependency;
			package = 183B38AF2B0B530F00D75D7B /* XCRemoteSwiftPackageReference "firebase-ios-sdk" */;
			productName = FirebaseFirestoreSwift;
		};
		183B38CE2B0B530F00D75D7B /* FirebaseFunctions */ = {
			isa = XCSwiftPackageProductDependency;
			package = 183B38AF2B0B530F00D75D7B /* XCRemoteSwiftPackageReference "firebase-ios-sdk" */;
			productName = FirebaseFunctions;
		};
		183B38D02B0B530F00D75D7B /* FirebaseFunctionsCombine-Community */ = {
			isa = XCSwiftPackageProductDependency;
			package = 183B38AF2B0B530F00D75D7B /* XCRemoteSwiftPackageReference "firebase-ios-sdk" */;
			productName = "FirebaseFunctionsCombine-Community";
		};
		183B38D22B0B530F00D75D7B /* FirebaseInAppMessaging-Beta */ = {
			isa = XCSwiftPackageProductDependency;
			package = 183B38AF2B0B530F00D75D7B /* XCRemoteSwiftPackageReference "firebase-ios-sdk" */;
			productName = "FirebaseInAppMessaging-Beta";
		};
		183B38D42B0B530F00D75D7B /* FirebaseInAppMessagingSwift-Beta */ = {
			isa = XCSwiftPackageProductDependency;
			package = 183B38AF2B0B530F00D75D7B /* XCRemoteSwiftPackageReference "firebase-ios-sdk" */;
			productName = "FirebaseInAppMessagingSwift-Beta";
		};
		183B38D62B0B530F00D75D7B /* FirebaseInstallations */ = {
			isa = XCSwiftPackageProductDependency;
			package = 183B38AF2B0B530F00D75D7B /* XCRemoteSwiftPackageReference "firebase-ios-sdk" */;
			productName = FirebaseInstallations;
		};
		183B38D82B0B530F00D75D7B /* FirebaseMLModelDownloader */ = {
			isa = XCSwiftPackageProductDependency;
			package = 183B38AF2B0B530F00D75D7B /* XCRemoteSwiftPackageReference "firebase-ios-sdk" */;
			productName = FirebaseMLModelDownloader;
		};
		183B38DA2B0B530F00D75D7B /* FirebaseMessaging */ = {
			isa = XCSwiftPackageProductDependency;
			package = 183B38AF2B0B530F00D75D7B /* XCRemoteSwiftPackageReference "firebase-ios-sdk" */;
			productName = FirebaseMessaging;
		};
		183B38DC2B0B530F00D75D7B /* FirebasePerformance */ = {
			isa = XCSwiftPackageProductDependency;
			package = 183B38AF2B0B530F00D75D7B /* XCRemoteSwiftPackageReference "firebase-ios-sdk" */;
			productName = FirebasePerformance;
		};
		183B38DE2B0B530F00D75D7B /* FirebaseRemoteConfig */ = {
			isa = XCSwiftPackageProductDependency;
			package = 183B38AF2B0B530F00D75D7B /* XCRemoteSwiftPackageReference "firebase-ios-sdk" */;
			productName = FirebaseRemoteConfig;
		};
		183B38E02B0B530F00D75D7B /* FirebaseRemoteConfigSwift */ = {
			isa = XCSwiftPackageProductDependency;
			package = 183B38AF2B0B530F00D75D7B /* XCRemoteSwiftPackageReference "firebase-ios-sdk" */;
			productName = FirebaseRemoteConfigSwift;
		};
		183B38E22B0B530F00D75D7B /* FirebaseStorage */ = {
			isa = XCSwiftPackageProductDependency;
			package = 183B38AF2B0B530F00D75D7B /* XCRemoteSwiftPackageReference "firebase-ios-sdk" */;
			productName = FirebaseStorage;
		};
		183B38E42B0B530F00D75D7B /* FirebaseStorageCombine-Community */ = {
			isa = XCSwiftPackageProductDependency;
			package = 183B38AF2B0B530F00D75D7B /* XCRemoteSwiftPackageReference "firebase-ios-sdk" */;
			productName = "FirebaseStorageCombine-Community";
		};
/* End XCSwiftPackageProductDependency section */
	};
	rootObject = 183B38942B0B4E0D00D75D7B /* Project object */;
}
